
Microsoft Visual Studio Solution File, Format Version 12.00
# Visual Studio Version 17
VisualStudioVersion = 17.9.34622.214
MinimumVisualStudioVersion = 10.0.40219.1
Project("{FAE04EC0-301F-11D3-BF4B-00C04F79EFBC}") = "AlcoholTracker", "AlcoholTracker\AlcoholTracker.csproj", "{6930FB96-7C8C-442F-BFE3-DE3F7ED58CAA}"
EndProject
Project("{FAE04EC0-301F-11D3-BF4B-00C04F79EFBC}") = "AlcoholTracker.Lib", "AlcoholTracker.Lib\AlcoholTracker.Lib.csproj", "{6ECF2396-C50E-4253-8B26-A73F33E8241A}"
EndProject
Global
	GlobalSection(SolutionConfigurationPlatforms) = preSolution
		Debug|Any CPU = Debug|Any CPU
		Release|Any CPU = Release|Any CPU
	EndGlobalSection
	GlobalSection(ProjectConfigurationPlatforms) = postSolution
		{6930FB96-7C8C-442F-BFE3-DE3F7ED58CAA}.Debug|Any CPU.ActiveCfg = Debug|Any CPU
		{6930FB96-7C8C-442F-BFE3-DE3F7ED58CAA}.Debug|Any CPU.Build.0 = Debug|Any CPU
		{6930FB96-7C8C-442F-BFE3-DE3F7ED58CAA}.Debug|Any CPU.Deploy.0 = Debug|Any CPU
		{6930FB96-7C8C-442F-BFE3-DE3F7ED58CAA}.Release|Any CPU.ActiveCfg = Release|Any CPU
		{6930FB96-7C8C-442F-BFE3-DE3F7ED58CAA}.Release|Any CPU.Build.0 = Release|Any CPU
		{6930FB96-7C8C-442F-BFE3-DE3F7ED58CAA}.Release|Any CPU.Deploy.0 = Release|Any CPU
		{6ECF2396-C50E-4253-8B26-A73F33E8241A}.Debug|Any CPU.ActiveCfg = Debug|Any CPU
		{6ECF2396-C50E-4253-8B26-A73F33E8241A}.Debug|Any CPU.Build.0 = Debug|Any CPU
		{6ECF2396-C50E-4253-8B26-A73F33E8241A}.Release|Any CPU.ActiveCfg = Release|Any CPU
		{6ECF2396-C50E-4253-8B26-A73F33E8241A}.Release|Any CPU.Build.0 = Release|Any CPU
	EndGlobalSection
	GlobalSection(SolutionProperties) = preSolution
		HideSolutionNode = FALSE
	EndGlobalSection
	GlobalSection(ExtensibilityGlobals) = postSolution
		SolutionGuid = {8CDBA76B-DD4F-46A0-AAA0-CBEB69E9AFBD}
	EndGlobalSection
EndGlobal
